{
    "name": "webidl-php",
    "requires": true,
    "lockfileVersion": 1,
    "dependencies": {
        "wikipeg": {
            "version": "2.0.5",
            "resolved": "https://registry.npmjs.org/wikipeg/-/wikipeg-2.0.5.tgz",
            "integrity": "sha512-FMNznSW4Qjexmgqz23YLtXoS6+GKPnbkEsI14xdRxsWv8jQWJ94ffQZ4PpUSsZm7/XAjqrjFiUnbvOOxBhJY4g==",
            "dev": true
        }
    }
}
