{
	"name": "webidl-php",
	"lockfileVersion": 2,
	"requires": true,
	"packages": {
		"": {
			"name": "webidl-php",
			"devDependencies": {
				"wikipeg": "^6.1.1"
			}
		},
		"node_modules/wikipeg": {
			"version": "6.1.1",
			"resolved": "https://registry.npmjs.org/wikipeg/-/wikipeg-6.1.1.tgz",
			"integrity": "sha512-dgwcldZtp18CjJregmMHYIw9j4pvddWNgUuqf1N1jdUEIGeu+lB8oa9btPynsi9ocrzeHzWl8Wyc8ImMhu6VyQ==",
			"dev": true,
			"bin": {
				"wikipeg": "bin/wikipeg"
			},
			"engines": {
				"node": ">= 6.0.0"
			}
		}
	},
	"dependencies": {
		"wikipeg": {
			"version": "6.1.1",
			"resolved": "https://registry.npmjs.org/wikipeg/-/wikipeg-6.1.1.tgz",
			"integrity": "sha512-dgwcldZtp18CjJregmMHYIw9j4pvddWNgUuqf1N1jdUEIGeu+lB8oa9btPynsi9ocrzeHzWl8Wyc8ImMhu6VyQ==",
			"dev": true
		}
	}
}
