{
	"name": "webidl-php",
	"lockfileVersion": 2,
	"requires": true,
	"packages": {
		"": {
			"name": "webidl-php",
			"devDependencies": {
				"wikipeg": "^2.0.6"
			}
		},
		"node_modules/wikipeg": {
			"version": "2.0.6",
			"resolved": "https://registry.npmjs.org/wikipeg/-/wikipeg-2.0.6.tgz",
			"integrity": "sha512-b3Ni/3kKzoHfqL8OdbwHELvEdFt3jyZfjgNXzz0pDvAu7++DdaKE9iCceyzHS2lOdAidyREcUVRY4F9kWwd/Lg==",
			"dev": true,
			"bin": {
				"wikipeg": "bin/wikipeg"
			},
			"engines": {
				"node": ">= 6.0.0"
			}
		}
	},
	"dependencies": {
		"wikipeg": {
			"version": "2.0.6",
			"resolved": "https://registry.npmjs.org/wikipeg/-/wikipeg-2.0.6.tgz",
			"integrity": "sha512-b3Ni/3kKzoHfqL8OdbwHELvEdFt3jyZfjgNXzz0pDvAu7++DdaKE9iCceyzHS2lOdAidyREcUVRY4F9kWwd/Lg==",
			"dev": true
		}
	}
}
